
Microsoft Visual Studio Solution File, Format Version 12.00
# Visual Studio Version 17
VisualStudioVersion = 17.14.37314.3
MinimumVisualStudioVersion = 10.0.40219.1
Project("{FAE04EC0-301F-11D3-BF4B-00C04F79EFBC}") = "BetterBarApp", "BetterBarApp\BetterBarApp.csproj", "{13C86C1D-6E04-47BE-8AAF-78365EE4C882}"
EndProject
Project("{FAE04EC0-301F-11D3-BF4B-00C04F79EFBC}") = "BetterBarApp.Tests", "BetterBarApp.Tests\BetterBarApp.Tests.csproj", "{78DEA8EA-DE08-4D1C-A55E-BDA5DCF88048}"
EndProject
Project("{2150E333-8FDC-42A3-9474-1A3956D46DE8}") = "Solution Items", "Solution Items", "{8EC462FD-D22E-90A8-E5CE-7E832BA40C5D}"
	ProjectSection(SolutionItems) = preProject
		CONTRIBUTING.md = CONTRIBUTING.md
		FIRST-PUBLISH-RUNBOOK.md = FIRST-PUBLISH-RUNBOOK.md
		LICENSE = LICENSE
		pack.ps1 = pack.ps1
		README.md = README.md
		RELEASING.md = RELEASING.md
		THIRD-PARTY-NOTICES.md = THIRD-PARTY-NOTICES.md
	EndProjectSection
EndProject
Global
	GlobalSection(SolutionConfigurationPlatforms) = preSolution
		Debug|Any CPU = Debug|Any CPU
		Debug|x64 = Debug|x64
		Debug|x86 = Debug|x86
		Release|Any CPU = Release|Any CPU
		Release|x64 = Release|x64
		Release|x86 = Release|x86
	EndGlobalSection
	GlobalSection(ProjectConfigurationPlatforms) = postSolution
		{13C86C1D-6E04-47BE-8AAF-78365EE4C882}.Debug|Any CPU.ActiveCfg = Debug|Any CPU
		{13C86C1D-6E04-47BE-8AAF-78365EE4C882}.Debug|Any CPU.Build.0 = Debug|Any CPU
		{13C86C1D-6E04-47BE-8AAF-78365EE4C882}.Debug|x64.ActiveCfg = Debug|Any CPU
		{13C86C1D-6E04-47BE-8AAF-78365EE4C882}.Debug|x64.Build.0 = Debug|Any CPU
		{13C86C1D-6E04-47BE-8AAF-78365EE4C882}.Debug|x86.ActiveCfg = Debug|Any CPU
		{13C86C1D-6E04-47BE-8AAF-78365EE4C882}.Debug|x86.Build.0 = Debug|Any CPU
		{13C86C1D-6E04-47BE-8AAF-78365EE4C882}.Release|Any CPU.ActiveCfg = Release|Any CPU
		{13C86C1D-6E04-47BE-8AAF-78365EE4C882}.Release|Any CPU.Build.0 = Release|Any CPU
		{13C86C1D-6E04-47BE-8AAF-78365EE4C882}.Release|x64.ActiveCfg = Release|Any CPU
		{13C86C1D-6E04-47BE-8AAF-78365EE4C882}.Release|x64.Build.0 = Release|Any CPU
		{13C86C1D-6E04-47BE-8AAF-78365EE4C882}.Release|x86.ActiveCfg = Release|Any CPU
		{13C86C1D-6E04-47BE-8AAF-78365EE4C882}.Release|x86.Build.0 = Release|Any CPU
		{78DEA8EA-DE08-4D1C-A55E-BDA5DCF88048}.Debug|Any CPU.ActiveCfg = Debug|Any CPU
		{78DEA8EA-DE08-4D1C-A55E-BDA5DCF88048}.Debug|Any CPU.Build.0 = Debug|Any CPU
		{78DEA8EA-DE08-4D1C-A55E-BDA5DCF88048}.Debug|x64.ActiveCfg = Debug|Any CPU
		{78DEA8EA-DE08-4D1C-A55E-BDA5DCF88048}.Debug|x64.Build.0 = Debug|Any CPU
		{78DEA8EA-DE08-4D1C-A55E-BDA5DCF88048}.Debug|x86.ActiveCfg = Debug|Any CPU
		{78DEA8EA-DE08-4D1C-A55E-BDA5DCF88048}.Debug|x86.Build.0 = Debug|Any CPU
		{78DEA8EA-DE08-4D1C-A55E-BDA5DCF88048}.Release|Any CPU.ActiveCfg = Release|Any CPU
		{78DEA8EA-DE08-4D1C-A55E-BDA5DCF88048}.Release|Any CPU.Build.0 = Release|Any CPU
		{78DEA8EA-DE08-4D1C-A55E-BDA5DCF88048}.Release|x64.ActiveCfg = Release|Any CPU
		{78DEA8EA-DE08-4D1C-A55E-BDA5DCF88048}.Release|x64.Build.0 = Release|Any CPU
		{78DEA8EA-DE08-4D1C-A55E-BDA5DCF88048}.Release|x86.ActiveCfg = Release|Any CPU
		{78DEA8EA-DE08-4D1C-A55E-BDA5DCF88048}.Release|x86.Build.0 = Release|Any CPU
	EndGlobalSection
	GlobalSection(SolutionProperties) = preSolution
		HideSolutionNode = FALSE
	EndGlobalSection
	GlobalSection(ExtensibilityGlobals) = postSolution
		SolutionGuid = {4BBCF6B6-F02D-4D47-B419-FF7065054D17}
	EndGlobalSection
EndGlobal
